// !$*UTF8*$!
{
	archiveVersion = 1;
	classes = {
	};
	objectVersion = 56;
	objects = {

/* Begin PBXBuildFile section */
		992675692BFAB70B00BF4041 /* AppDelegate.swift in Sources */ = {isa = PBXBuildFile; fileRef = 992675682BFAB70B00BF4041 /* AppDelegate.swift */; };
		9926756B2BFAB70B00BF4041 /* SceneDelegate.swift in Sources */ = {isa = PBXBuildFile; fileRef = 9926756A2BFAB70B00BF4041 /* SceneDelegate.swift */; };
		9926756D2BFAB70B00BF4041 /* Anasayfa.swift in Sources */ = {isa = PBXBuildFile; fileRef = 9926756C2BFAB70B00BF4041 /* Anasayfa.swift */; };
		992675702BFAB70B00BF4041 /* Base in Resources */ = {isa = PBXBuildFile; fileRef = 9926756F2BFAB70B00BF4041 /* Base */; };
		992675722BFAB70C00BF4041 /* Assets.xcassets in Resources */ = {isa = PBXBuildFile; fileRef = 992675712BFAB70C00BF4041 /* Assets.xcassets */; };
		992675752BFAB70C00BF4041 /* Base in Resources */ = {isa = PBXBuildFile; fileRef = 992675742BFAB70C00BF4041 /* Base */; };
		992675812BFAB75100BF4041 /* Todo.swift in Sources */ = {isa = PBXBuildFile; fileRef = 992675802BFAB75100BF4041 /* Todo.swift */; };
		992675872BFABA8100BF4041 /* GorevKayit.swift in Sources */ = {isa = PBXBuildFile; fileRef = 992675862BFABA8100BF4041 /* GorevKayit.swift */; };
		9926758A2BFABAA200BF4041 /* GorevDetay.swift in Sources */ = {isa = PBXBuildFile; fileRef = 992675892BFABAA200BF4041 /* GorevDetay.swift */; };
		9926758D2BFABC5800BF4041 /* GorevHucre.swift in Sources */ = {isa = PBXBuildFile; fileRef = 9926758C2BFABC5800BF4041 /* GorevHucre.swift */; };
		992675902BFAD42C00BF4041 /* AnasayfaViewModel.swift in Sources */ = {isa = PBXBuildFile; fileRef = 9926758F2BFAD42C00BF4041 /* AnasayfaViewModel.swift */; };
		992675932BFAD44500BF4041 /* GorevKayitViewModel.swift in Sources */ = {isa = PBXBuildFile; fileRef = 992675922BFAD44500BF4041 /* GorevKayitViewModel.swift */; };
		992675952BFAD45500BF4041 /* GorevDetayViewModel.swift in Sources */ = {isa = PBXBuildFile; fileRef = 992675942BFAD45500BF4041 /* GorevDetayViewModel.swift */; };
		992675992BFAD53100BF4041 /* RxSwift in Frameworks */ = {isa = PBXBuildFile; productRef = 992675982BFAD53100BF4041 /* RxSwift */; };
		9926759D2BFAD95B00BF4041 /* GorevRepository.swift in Sources */ = {isa = PBXBuildFile; fileRef = 9926759C2BFAD95B00BF4041 /* GorevRepository.swift */; };
		992675AD2BFAE72900BF4041 /* FMResultSet.m in Sources */ = {isa = PBXBuildFile; fileRef = 992675A52BFAE72900BF4041 /* FMResultSet.m */; };
		992675AE2BFAE72900BF4041 /* FMDatabase.m in Sources */ = {isa = PBXBuildFile; fileRef = 992675A82BFAE72900BF4041 /* FMDatabase.m */; };
		992675AF2BFAE72900BF4041 /* FMDatabasePool.m in Sources */ = {isa = PBXBuildFile; fileRef = 992675A92BFAE72900BF4041 /* FMDatabasePool.m */; };
		992675B02BFAE72900BF4041 /* FMDatabaseAdditions.m in Sources */ = {isa = PBXBuildFile; fileRef = 992675AB2BFAE72900BF4041 /* FMDatabaseAdditions.m */; };
		992675B12BFAE72900BF4041 /* FMDatabaseQueue.m in Sources */ = {isa = PBXBuildFile; fileRef = 992675AC2BFAE72900BF4041 /* FMDatabaseQueue.m */; };
		99C5C3192BFAFDCA00E3B559 /* gorev.db in Resources */ = {isa = PBXBuildFile; fileRef = 99C5C3182BFAFDCA00E3B559 /* gorev.db */; };
/* End PBXBuildFile section */

/* Begin PBXFileReference section */
		992675652BFAB70B00BF4041 /* todoAppCalismasi.app */ = {isa = PBXFileReference; explicitFileType = wrapper.application; includeInIndex = 0; path = todoAppCalismasi.app; sourceTree = BUILT_PRODUCTS_DIR; };
		992675682BFAB70B00BF4041 /* AppDelegate.swift */ = {isa = PBXFileReference; lastKnownFileType = sourcecode.swift; path = AppDelegate.swift; sourceTree = "<group>"; };
		9926756A2BFAB70B00BF4041 /* SceneDelegate.swift */ = {isa = PBXFileReference; lastKnownFileType = sourcecode.swift; path = SceneDelegate.swift; sourceTree = "<group>"; };
		9926756C2BFAB70B00BF4041 /* Anasayfa.swift */ = {isa = PBXFileReference; lastKnownFileType = sourcecode.swift; path = Anasayfa.swift; sourceTree = "<group>"; };
		9926756F2BFAB70B00BF4041 /* Base */ = {isa = PBXFileReference; lastKnownFileType = file.storyboard; name = Base; path = Base.lproj/Main.storyboard; sourceTree = "<group>"; };
		992675712BFAB70C00BF4041 /* Assets.xcassets */ = {isa = PBXFileReference; lastKnownFileType = folder.assetcatalog; path = Assets.xcassets; sourceTree = "<group>"; };
		992675742BFAB70C00BF4041 /* Base */ = {isa = PBXFileReference; lastKnownFileType = file.storyboard; name = Base; path = Base.lproj/LaunchScreen.storyboard; sourceTree = "<group>"; };
		992675762BFAB70C00BF4041 /* Info.plist */ = {isa = PBXFileReference; lastKnownFileType = text.plist.xml; path = Info.plist; sourceTree = "<group>"; };
		992675802BFAB75100BF4041 /* Todo.swift */ = {isa = PBXFileReference; lastKnownFileType = sourcecode.swift; path = Todo.swift; sourceTree = "<group>"; };
		992675862BFABA8100BF4041 /* GorevKayit.swift */ = {isa = PBXFileReference; lastKnownFileType = sourcecode.swift; path = GorevKayit.swift; sourceTree = "<group>"; };
		992675892BFABAA200BF4041 /* GorevDetay.swift */ = {isa = PBXFileReference; lastKnownFileType = sourcecode.swift; path = GorevDetay.swift; sourceTree = "<group>"; };
		9926758C2BFABC5800BF4041 /* GorevHucre.swift */ = {isa = PBXFileReference; lastKnownFileType = sourcecode.swift; path = GorevHucre.swift; sourceTree = "<group>"; };
		9926758F2BFAD42C00BF4041 /* AnasayfaViewModel.swift */ = {isa = PBXFileReference; lastKnownFileType = sourcecode.swift; path = AnasayfaViewModel.swift; sourceTree = "<group>"; };
		992675922BFAD44500BF4041 /* GorevKayitViewModel.swift */ = {isa = PBXFileReference; lastKnownFileType = sourcecode.swift; path = GorevKayitViewModel.swift; sourceTree = "<group>"; };
		992675942BFAD45500BF4041 /* GorevDetayViewModel.swift */ = {isa = PBXFileReference; lastKnownFileType = sourcecode.swift; path = GorevDetayViewModel.swift; sourceTree = "<group>"; };
		9926759C2BFAD95B00BF4041 /* GorevRepository.swift */ = {isa = PBXFileReference; lastKnownFileType = sourcecode.swift; path = GorevRepository.swift; sourceTree = "<group>"; };
		992675A12BFAE72800BF4041 /* todoAppCalismasi-Bridging-Header.h */ = {isa = PBXFileReference; lastKnownFileType = sourcecode.c.h; path = "todoAppCalismasi-Bridging-Header.h"; sourceTree = "<group>"; };
		992675A22BFAE72900BF4041 /* FMResultSet.h */ = {isa = PBXFileReference; fileEncoding = 4; lastKnownFileType = sourcecode.c.h; path = FMResultSet.h; sourceTree = "<group>"; };
		992675A32BFAE72900BF4041 /* FMDatabasePool.h */ = {isa = PBXFileReference; fileEncoding = 4; lastKnownFileType = sourcecode.c.h; path = FMDatabasePool.h; sourceTree = "<group>"; };
		992675A42BFAE72900BF4041 /* FMDatabaseAdditions.h */ = {isa = PBXFileReference; fileEncoding = 4; lastKnownFileType = sourcecode.c.h; path = FMDatabaseAdditions.h; sourceTree = "<group>"; };
		992675A52BFAE72900BF4041 /* FMResultSet.m */ = {isa = PBXFileReference; fileEncoding = 4; lastKnownFileType = sourcecode.c.objc; path = FMResultSet.m; sourceTree = "<group>"; };
		992675A62BFAE72900BF4041 /* FMDatabaseQueue.h */ = {isa = PBXFileReference; fileEncoding = 4; lastKnownFileType = sourcecode.c.h; path = FMDatabaseQueue.h; sourceTree = "<group>"; };
		992675A72BFAE72900BF4041 /* FMDatabase.h */ = {isa = PBXFileReference; fileEncoding = 4; lastKnownFileType = sourcecode.c.h; path = FMDatabase.h; sourceTree = "<group>"; };
		992675A82BFAE72900BF4041 /* FMDatabase.m */ = {isa = PBXFileReference; fileEncoding = 4; lastKnownFileType = sourcecode.c.objc; path = FMDatabase.m; sourceTree = "<group>"; };
		992675A92BFAE72900BF4041 /* FMDatabasePool.m */ = {isa = PBXFileReference; fileEncoding = 4; lastKnownFileType = sourcecode.c.objc; path = FMDatabasePool.m; sourceTree = "<group>"; };
		992675AA2BFAE72900BF4041 /* FMDB.h */ = {isa = PBXFileReference; fileEncoding = 4; lastKnownFileType = sourcecode.c.h; path = FMDB.h; sourceTree = "<group>"; };
		992675AB2BFAE72900BF4041 /* FMDatabaseAdditions.m */ = {isa = PBXFileReference; fileEncoding = 4; lastKnownFileType = sourcecode.c.objc; path = FMDatabaseAdditions.m; sourceTree = "<group>"; };
		992675AC2BFAE72900BF4041 /* FMDatabaseQueue.m */ = {isa = PBXFileReference; fileEncoding = 4; lastKnownFileType = sourcecode.c.objc; path = FMDatabaseQueue.m; sourceTree = "<group>"; };
		99C5C3182BFAFDCA00E3B559 /* gorev.db */ = {isa = PBXFileReference; lastKnownFileType = file; path = gorev.db; sourceTree = "<group>"; };
/* End PBXFileReference section */

/* Begin PBXFrameworksBuildPhase section */
		992675622BFAB70B00BF4041 /* Frameworks */ = {
			isa = PBXFrameworksBuildPhase;
			buildActionMask = 2147483647;
			files = (
				992675992BFAD53100BF4041 /* RxSwift in Frameworks */,
			);
			runOnlyForDeploymentPostprocessing = 0;
		};
/* End PBXFrameworksBuildPhase section */

/* Begin PBXGroup section */
		9926755C2BFAB70B00BF4041 = {
			isa = PBXGroup;
			children = (
				992675672BFAB70B00BF4041 /* todoAppCalismasi */,
				992675662BFAB70B00BF4041 /* Products */,
				992675972BFAD53100BF4041 /* Frameworks */,
			);
			sourceTree = "<group>";
		};
		992675662BFAB70B00BF4041 /* Products */ = {
			isa = PBXGroup;
			children = (
				992675652BFAB70B00BF4041 /* todoAppCalismasi.app */,
			);
			name = Products;
			sourceTree = "<group>";
		};
		992675672BFAB70B00BF4041 /* todoAppCalismasi */ = {
			isa = PBXGroup;
			children = (
				992675682BFAB70B00BF4041 /* AppDelegate.swift */,
				9926756A2BFAB70B00BF4041 /* SceneDelegate.swift */,
				992675822BFAB75700BF4041 /* data */,
				992675842BFAB77200BF4041 /* ui */,
				9926756E2BFAB70B00BF4041 /* Main.storyboard */,
				992675712BFAB70C00BF4041 /* Assets.xcassets */,
				992675732BFAB70C00BF4041 /* LaunchScreen.storyboard */,
				992675762BFAB70C00BF4041 /* Info.plist */,
				99C5C3182BFAFDCA00E3B559 /* gorev.db */,
				992675A72BFAE72900BF4041 /* FMDatabase.h */,
				992675A82BFAE72900BF4041 /* FMDatabase.m */,
				992675A42BFAE72900BF4041 /* FMDatabaseAdditions.h */,
				992675AB2BFAE72900BF4041 /* FMDatabaseAdditions.m */,
				992675A32BFAE72900BF4041 /* FMDatabasePool.h */,
				992675A92BFAE72900BF4041 /* FMDatabasePool.m */,
				992675A62BFAE72900BF4041 /* FMDatabaseQueue.h */,
				992675AC2BFAE72900BF4041 /* FMDatabaseQueue.m */,
				992675AA2BFAE72900BF4041 /* FMDB.h */,
				992675A22BFAE72900BF4041 /* FMResultSet.h */,
				992675A52BFAE72900BF4041 /* FMResultSet.m */,
				992675A12BFAE72800BF4041 /* todoAppCalismasi-Bridging-Header.h */,
			);
			path = todoAppCalismasi;
			sourceTree = "<group>";
		};
		992675822BFAB75700BF4041 /* data */ = {
			isa = PBXGroup;
			children = (
				9926759E2BFAD96100BF4041 /* repo */,
				992675832BFAB75E00BF4041 /* entity */,
			);
			path = data;
			sourceTree = "<group>";
		};
		992675832BFAB75E00BF4041 /* entity */ = {
			isa = PBXGroup;
			children = (
				992675802BFAB75100BF4041 /* Todo.swift */,
			);
			path = entity;
			sourceTree = "<group>";
		};
		992675842BFAB77200BF4041 /* ui */ = {
			isa = PBXGroup;
			children = (
				9926758E2BFAD41100BF4041 /* viewmodel */,
				9926758B2BFABC2600BF4041 /* tableview */,
				992675852BFAB77900BF4041 /* views */,
			);
			path = ui;
			sourceTree = "<group>";
		};
		992675852BFAB77900BF4041 /* views */ = {
			isa = PBXGroup;
			children = (
				9926756C2BFAB70B00BF4041 /* Anasayfa.swift */,
				992675862BFABA8100BF4041 /* GorevKayit.swift */,
				992675892BFABAA200BF4041 /* GorevDetay.swift */,
			);
			path = views;
			sourceTree = "<group>";
		};
		9926758B2BFABC2600BF4041 /* tableview */ = {
			isa = PBXGroup;
			children = (
				9926758C2BFABC5800BF4041 /* GorevHucre.swift */,
			);
			path = tableview;
			sourceTree = "<group>";
		};
		9926758E2BFAD41100BF4041 /* viewmodel */ = {
			isa = PBXGroup;
			children = (
				9926758F2BFAD42C00BF4041 /* AnasayfaViewModel.swift */,
				992675922BFAD44500BF4041 /* GorevKayitViewModel.swift */,
				992675942BFAD45500BF4041 /* GorevDetayViewModel.swift */,
			);
			path = viewmodel;
			sourceTree = "<group>";
		};
		992675972BFAD53100BF4041 /* Frameworks */ = {
			isa = PBXGroup;
			children = (
			);
			name = Frameworks;
			sourceTree = "<group>";
		};
		9926759E2BFAD96100BF4041 /* repo */ = {
			isa = PBXGroup;
			children = (
				9926759C2BFAD95B00BF4041 /* GorevRepository.swift */,
			);
			path = repo;
			sourceTree = "<group>";
		};
/* End PBXGroup section */

/* Begin PBXNativeTarget section */
		992675642BFAB70B00BF4041 /* todoAppCalismasi */ = {
			isa = PBXNativeTarget;
			buildConfigurationList = 992675792BFAB70C00BF4041 /* Build configuration list for PBXNativeTarget "todoAppCalismasi" */;
			buildPhases = (
				992675612BFAB70B00BF4041 /* Sources */,
				992675622BFAB70B00BF4041 /* Frameworks */,
				992675632BFAB70B00BF4041 /* Resources */,
			);
			buildRules = (
			);
			dependencies = (
			);
			name = todoAppCalismasi;
			packageProductDependencies = (
				992675982BFAD53100BF4041 /* RxSwift */,
			);
			productName = todoAppCalismasi;
			productReference = 992675652BFAB70B00BF4041 /* todoAppCalismasi.app */;
			productType = "com.apple.product-type.application";
		};
/* End PBXNativeTarget section */

/* Begin PBXProject section */
		9926755D2BFAB70B00BF4041 /* Project object */ = {
			isa = PBXProject;
			attributes = {
				BuildIndependentTargetsInParallel = 1;
				LastSwiftUpdateCheck = 1530;
				LastUpgradeCheck = 1530;
				TargetAttributes = {
					992675642BFAB70B00BF4041 = {
						CreatedOnToolsVersion = 15.3;
						LastSwiftMigration = 1530;
					};
				};
			};
			buildConfigurationList = 992675602BFAB70B00BF4041 /* Build configuration list for PBXProject "todoAppCalismasi" */;
			compatibilityVersion = "Xcode 14.0";
			developmentRegion = en;
			hasScannedForEncodings = 0;
			knownRegions = (
				en,
				Base,
			);
			mainGroup = 9926755C2BFAB70B00BF4041;
			packageReferences = (
				992675962BFAD51C00BF4041 /* XCRemoteSwiftPackageReference "RxSwift" */,
			);
			productRefGroup = 992675662BFAB70B00BF4041 /* Products */;
			projectDirPath = "";
			projectRoot = "";
			targets = (
				992675642BFAB70B00BF4041 /* todoAppCalismasi */,
			);
		};
/* End PBXProject section */

/* Begin PBXResourcesBuildPhase section */
		992675632BFAB70B00BF4041 /* Resources */ = {
			isa = PBXResourcesBuildPhase;
			buildActionMask = 2147483647;
			files = (
				992675722BFAB70C00BF4041 /* Assets.xcassets in Resources */,
				992675752BFAB70C00BF4041 /* Base in Resources */,
				992675702BFAB70B00BF4041 /* Base in Resources */,
				99C5C3192BFAFDCA00E3B559 /* gorev.db in Resources */,
			);
			runOnlyForDeploymentPostprocessing = 0;
		};
/* End PBXResourcesBuildPhase section */

/* Begin PBXSourcesBuildPhase section */
		992675612BFAB70B00BF4041 /* Sources */ = {
			isa = PBXSourcesBuildPhase;
			buildActionMask = 2147483647;
			files = (
				9926758D2BFABC5800BF4041 /* GorevHucre.swift in Sources */,
				9926756D2BFAB70B00BF4041 /* Anasayfa.swift in Sources */,
				992675AE2BFAE72900BF4041 /* FMDatabase.m in Sources */,
				992675952BFAD45500BF4041 /* GorevDetayViewModel.swift in Sources */,
				992675902BFAD42C00BF4041 /* AnasayfaViewModel.swift in Sources */,
				992675872BFABA8100BF4041 /* GorevKayit.swift in Sources */,
				992675812BFAB75100BF4041 /* Todo.swift in Sources */,
				992675AD2BFAE72900BF4041 /* FMResultSet.m in Sources */,
				9926759D2BFAD95B00BF4041 /* GorevRepository.swift in Sources */,
				992675B12BFAE72900BF4041 /* FMDatabaseQueue.m in Sources */,
				9926758A2BFABAA200BF4041 /* GorevDetay.swift in Sources */,
				992675692BFAB70B00BF4041 /* AppDelegate.swift in Sources */,
				992675AF2BFAE72900BF4041 /* FMDatabasePool.m in Sources */,
				992675932BFAD44500BF4041 /* GorevKayitViewModel.swift in Sources */,
				9926756B2BFAB70B00BF4041 /* SceneDelegate.swift in Sources */,
				992675B02BFAE72900BF4041 /* FMDatabaseAdditions.m in Sources */,
			);
			runOnlyForDeploymentPostprocessing = 0;
		};
/* End PBXSourcesBuildPhase section */

/* Begin PBXVariantGroup section */
		9926756E2BFAB70B00BF4041 /* Main.storyboard */ = {
			isa = PBXVariantGroup;
			children = (
				9926756F2BFAB70B00BF4041 /* Base */,
			);
			name = Main.storyboard;
			sourceTree = "<group>";
		};
		992675732BFAB70C00BF4041 /* LaunchScreen.storyboard */ = {
			isa = PBXVariantGroup;
			children = (
				992675742BFAB70C00BF4041 /* Base */,
			);
			name = LaunchScreen.storyboard;
			sourceTree = "<group>";
		};
/* End PBXVariantGroup section */

/* Begin XCBuildConfiguration section */
		992675772BFAB70C00BF4041 /* Debug */ = {
			isa = XCBuildConfiguration;
			buildSettings = {
				ALWAYS_SEARCH_USER_PATHS = NO;
				ASSETCATALOG_COMPILER_GENERATE_SWIFT_ASSET_SYMBOL_EXTENSIONS = YES;
				CLANG_ANALYZER_NONNULL = YES;
				CLANG_ANALYZER_NUMBER_OBJECT_CONVERSION = YES_AGGRESSIVE;
				CLANG_CXX_LANGUAGE_STANDARD = "gnu++20";
				CLANG_ENABLE_MODULES = YES;
				CLANG_ENABLE_OBJC_ARC = YES;
				CLANG_ENABLE_OBJC_WEAK = YES;
				CLANG_WARN_BLOCK_CAPTURE_AUTORELEASING = YES;
				CLANG_WARN_BOOL_CONVERSION = YES;
				CLANG_WARN_COMMA = YES;
				CLANG_WARN_CONSTANT_CONVERSION = YES;
				CLANG_WARN_DEPRECATED_OBJC_IMPLEMENTATIONS = YES;
				CLANG_WARN_DIRECT_OBJC_ISA_USAGE = YES_ERROR;
				CLANG_WARN_DOCUMENTATION_COMMENTS = YES;
				CLANG_WARN_EMPTY_BODY = YES;
				CLANG_WARN_ENUM_CONVERSION = YES;
				CLANG_WARN_INFINITE_RECURSION = YES;
				CLANG_WARN_INT_CONVERSION = YES;
				CLANG_WARN_NON_LITERAL_NULL_CONVERSION = YES;
				CLANG_WARN_OBJC_IMPLICIT_RETAIN_SELF = YES;
				CLANG_WARN_OBJC_LITERAL_CONVERSION = YES;
				CLANG_WARN_OBJC_ROOT_CLASS = YES_ERROR;
				CLANG_WARN_QUOTED_INCLUDE_IN_FRAMEWORK_HEADER = YES;
				CLANG_WARN_RANGE_LOOP_ANALYSIS = YES;
				CLANG_WARN_STRICT_PROTOTYPES = YES;
				CLANG_WARN_SUSPICIOUS_MOVE = YES;
				CLANG_WARN_UNGUARDED_AVAILABILITY = YES_AGGRESSIVE;
				CLANG_WARN_UNREACHABLE_CODE = YES;
				CLANG_WARN__DUPLICATE_METHOD_MATCH = YES;
				COPY_PHASE_STRIP = NO;
				DEBUG_INFORMATION_FORMAT = dwarf;
				ENABLE_STRICT_OBJC_MSGSEND = YES;
				ENABLE_TESTABILITY = YES;
				ENABLE_USER_SCRIPT_SANDBOXING = YES;
				GCC_C_LANGUAGE_STANDARD = gnu17;
				GCC_DYNAMIC_NO_PIC = NO;
				GCC_NO_COMMON_BLOCKS = YES;
				GCC_OPTIMIZATION_LEVEL = 0;
				GCC_PREPROCESSOR_DEFINITIONS = (
					"DEBUG=1",
					"$(inherited)",
				);
				GCC_WARN_64_TO_32_BIT_CONVERSION = YES;
				GCC_WARN_ABOUT_RETURN_TYPE = YES_ERROR;
				GCC_WARN_UNDECLARED_SELECTOR = YES;
				GCC_WARN_UNINITIALIZED_AUTOS = YES_AGGRESSIVE;
				GCC_WARN_UNUSED_FUNCTION = YES;
				GCC_WARN_UNUSED_VARIABLE = YES;
				IPHONEOS_DEPLOYMENT_TARGET = 17.4;
				LOCALIZATION_PREFERS_STRING_CATALOGS = YES;
				MTL_ENABLE_DEBUG_INFO = INCLUDE_SOURCE;
				MTL_FAST_MATH = YES;
				ONLY_ACTIVE_ARCH = YES;
				SDKROOT = iphoneos;
				SWIFT_ACTIVE_COMPILATION_CONDITIONS = "DEBUG $(inherited)";
				SWIFT_OPTIMIZATION_LEVEL = "-Onone";
			};
			name = Debug;
		};
		992675782BFAB70C00BF4041 /* Release */ = {
			isa = XCBuildConfiguration;
			buildSettings = {
				ALWAYS_SEARCH_USER_PATHS = NO;
				ASSETCATALOG_COMPILER_GENERATE_SWIFT_ASSET_SYMBOL_EXTENSIONS = YES;
				CLANG_ANALYZER_NONNULL = YES;
				CLANG_ANALYZER_NUMBER_OBJECT_CONVERSION = YES_AGGRESSIVE;
				CLANG_CXX_LANGUAGE_STANDARD = "gnu++20";
				CLANG_ENABLE_MODULES = YES;
				CLANG_ENABLE_OBJC_ARC = YES;
				CLANG_ENABLE_OBJC_WEAK = YES;
				CLANG_WARN_BLOCK_CAPTURE_AUTORELEASING = YES;
				CLANG_WARN_BOOL_CONVERSION = YES;
				CLANG_WARN_COMMA = YES;
				CLANG_WARN_CONSTANT_CONVERSION = YES;
				CLANG_WARN_DEPRECATED_OBJC_IMPLEMENTATIONS = YES;
				CLANG_WARN_DIRECT_OBJC_ISA_USAGE = YES_ERROR;
				CLANG_WARN_DOCUMENTATION_COMMENTS = YES;
				CLANG_WARN_EMPTY_BODY = YES;
				CLANG_WARN_ENUM_CONVERSION = YES;
				CLANG_WARN_INFINITE_RECURSION = YES;
				CLANG_WARN_INT_CONVERSION = YES;
				CLANG_WARN_NON_LITERAL_NULL_CONVERSION = YES;
				CLANG_WARN_OBJC_IMPLICIT_RETAIN_SELF = YES;
				CLANG_WARN_OBJC_LITERAL_CONVERSION = YES;
				CLANG_WARN_OBJC_ROOT_CLASS = YES_ERROR;
				CLANG_WARN_QUOTED_INCLUDE_IN_FRAMEWORK_HEADER = YES;
				CLANG_WARN_RANGE_LOOP_ANALYSIS = YES;
				CLANG_WARN_STRICT_PROTOTYPES = YES;
				CLANG_WARN_SUSPICIOUS_MOVE = YES;
				CLANG_WARN_UNGUARDED_AVAILABILITY = YES_AGGRESSIVE;
				CLANG_WARN_UNREACHABLE_CODE = YES;
				CLANG_WARN__DUPLICATE_METHOD_MATCH = YES;
				COPY_PHASE_STRIP = NO;
				DEBUG_INFORMATION_FORMAT = "dwarf-with-dsym";
				ENABLE_NS_ASSERTIONS = NO;
				ENABLE_STRICT_OBJC_MSGSEND = YES;
				ENABLE_USER_SCRIPT_SANDBOXING = YES;
				GCC_C_LANGUAGE_STANDARD = gnu17;
				GCC_NO_COMMON_BLOCKS = YES;
				GCC_WARN_64_TO_32_BIT_CONVERSION = YES;
				GCC_WARN_ABOUT_RETURN_TYPE = YES_ERROR;
				GCC_WARN_UNDECLARED_SELECTOR = YES;
				GCC_WARN_UNINITIALIZED_AUTOS = YES_AGGRESSIVE;
				GCC_WARN_UNUSED_FUNCTION = YES;
				GCC_WARN_UNUSED_VARIABLE = YES;
				IPHONEOS_DEPLOYMENT_TARGET = 17.4;
				LOCALIZATION_PREFERS_STRING_CATALOGS = YES;
				MTL_ENABLE_DEBUG_INFO = NO;
				MTL_FAST_MATH = YES;
				SDKROOT = iphoneos;
				SWIFT_COMPILATION_MODE = wholemodule;
				VALIDATE_PRODUCT = YES;
			};
			name = Release;
		};
		9926757A2BFAB70C00BF4041 /* Debug */ = {
			isa = XCBuildConfiguration;
			buildSettings = {
				ASSETCATALOG_COMPILER_APPICON_NAME = AppIcon;
				ASSETCATALOG_COMPILER_GLOBAL_ACCENT_COLOR_NAME = AccentColor;
				CLANG_ENABLE_MODULES = YES;
				CODE_SIGN_STYLE = Automatic;
				CURRENT_PROJECT_VERSION = 1;
				GENERATE_INFOPLIST_FILE = YES;
				INFOPLIST_FILE = todoAppCalismasi/Info.plist;
				INFOPLIST_KEY_UIApplicationSupportsIndirectInputEvents = YES;
				INFOPLIST_KEY_UILaunchStoryboardName = LaunchScreen;
				INFOPLIST_KEY_UIMainStoryboardFile = Main;
				INFOPLIST_KEY_UISupportedInterfaceOrientations_iPad = "UIInterfaceOrientationPortrait UIInterfaceOrientationPortraitUpsideDown UIInterfaceOrientationLandscapeLeft UIInterfaceOrientationLandscapeRight";
				INFOPLIST_KEY_UISupportedInterfaceOrientations_iPhone = "UIInterfaceOrientationPortrait UIInterfaceOrientationLandscapeLeft UIInterfaceOrientationLandscapeRight";
				LD_RUNPATH_SEARCH_PATHS = (
					"$(inherited)",
					"@executable_path/Frameworks",
				);
				MARKETING_VERSION = 1.0;
				PRODUCT_BUNDLE_IDENTIFIER = com.info.todoAppCalismasi;
				PRODUCT_NAME = "$(TARGET_NAME)";
				SWIFT_EMIT_LOC_STRINGS = YES;
				SWIFT_OBJC_BRIDGING_HEADER = "todoAppCalismasi/todoAppCalismasi-Bridging-Header.h";
				SWIFT_OPTIMIZATION_LEVEL = "-Onone";
				SWIFT_VERSION = 5.0;
				TARGETED_DEVICE_FAMILY = "1,2";
			};
			name = Debug;
		};
		9926757B2BFAB70C00BF4041 /* Release */ = {
			isa = XCBuildConfiguration;
			buildSettings = {
				ASSETCATALOG_COMPILER_APPICON_NAME = AppIcon;
				ASSETCATALOG_COMPILER_GLOBAL_ACCENT_COLOR_NAME = AccentColor;
				CLANG_ENABLE_MODULES = YES;
				CODE_SIGN_STYLE = Automatic;
				CURRENT_PROJECT_VERSION = 1;
				GENERATE_INFOPLIST_FILE = YES;
				INFOPLIST_FILE = todoAppCalismasi/Info.plist;
				INFOPLIST_KEY_UIApplicationSupportsIndirectInputEvents = YES;
				INFOPLIST_KEY_UILaunchStoryboardName = LaunchScreen;
				INFOPLIST_KEY_UIMainStoryboardFile = Main;
				INFOPLIST_KEY_UISupportedInterfaceOrientations_iPad = "UIInterfaceOrientationPortrait UIInterfaceOrientationPortraitUpsideDown UIInterfaceOrientationLandscapeLeft UIInterfaceOrientationLandscapeRight";
				INFOPLIST_KEY_UISupportedInterfaceOrientations_iPhone = "UIInterfaceOrientationPortrait UIInterfaceOrientationLandscapeLeft UIInterfaceOrientationLandscapeRight";
				LD_RUNPATH_SEARCH_PATHS = (
					"$(inherited)",
					"@executable_path/Frameworks",
				);
				MARKETING_VERSION = 1.0;
				PRODUCT_BUNDLE_IDENTIFIER = com.info.todoAppCalismasi;
				PRODUCT_NAME = "$(TARGET_NAME)";
				SWIFT_EMIT_LOC_STRINGS = YES;
				SWIFT_OBJC_BRIDGING_HEADER = "todoAppCalismasi/todoAppCalismasi-Bridging-Header.h";
				SWIFT_VERSION = 5.0;
				TARGETED_DEVICE_FAMILY = "1,2";
			};
			name = Release;
		};
/* End XCBuildConfiguration section */

/* Begin XCConfigurationList section */
		992675602BFAB70B00BF4041 /* Build configuration list for PBXProject "todoAppCalismasi" */ = {
			isa = XCConfigurationList;
			buildConfigurations = (
				992675772BFAB70C00BF4041 /* Debug */,
				992675782BFAB70C00BF4041 /* Release */,
			);
			defaultConfigurationIsVisible = 0;
			defaultConfigurationName = Release;
		};
		992675792BFAB70C00BF4041 /* Build configuration list for PBXNativeTarget "todoAppCalismasi" */ = {
			isa = XCConfigurationList;
			buildConfigurations = (
				9926757A2BFAB70C00BF4041 /* Debug */,
				9926757B2BFAB70C00BF4041 /* Release */,
			);
			defaultConfigurationIsVisible = 0;
			defaultConfigurationName = Release;
		};
/* End XCConfigurationList section */

/* Begin XCRemoteSwiftPackageReference section */
		992675962BFAD51C00BF4041 /* XCRemoteSwiftPackageReference "RxSwift" */ = {
			isa = XCRemoteSwiftPackageReference;
			repositoryURL = "https://github.com/ReactiveX/RxSwift";
			requirement = {
				kind = upToNextMajorVersion;
				minimumVersion = 6.7.1;
			};
		};
/* End XCRemoteSwiftPackageReference section */

/* Begin XCSwiftPackageProductDependency section */
		992675982BFAD53100BF4041 /* RxSwift */ = {
			isa = XCSwiftPackageProductDependency;
			package = 992675962BFAD51C00BF4041 /* XCRemoteSwiftPackageReference "RxSwift" */;
			productName = RxSwift;
		};
/* End XCSwiftPackageProductDependency section */
	};
	rootObject = 9926755D2BFAB70B00BF4041 /* Project object */;
}
